
Microsoft Visual Studio Solution File, Format Version 12.00
# Visual Studio Version 17
VisualStudioVersion = 17.5.002.0
MinimumVisualStudioVersion = 10.0.40219.1
Project("{9A19103F-16F7-4668-BE54-9A1E7A4F7556}") = "Musica", "Musica.csproj", "{199BDE3A-2B87-4D59-953E-E82DC1328ACB}"
EndProject
Global
	GlobalSection(SolutionConfigurationPlatforms) = preSolution
		Debug|Any CPU = Debug|Any CPU
		Release|Any CPU = Release|Any CPU
	EndGlobalSection
	GlobalSection(ProjectConfigurationPlatforms) = postSolution
		{199BDE3A-2B87-4D59-953E-E82DC1328ACB}.Debug|Any CPU.ActiveCfg = Debug|Any CPU
		{199BDE3A-2B87-4D59-953E-E82DC1328ACB}.Debug|Any CPU.Build.0 = Debug|Any CPU
		{199BDE3A-2B87-4D59-953E-E82DC1328ACB}.Release|Any CPU.ActiveCfg = Release|Any CPU
		{199BDE3A-2B87-4D59-953E-E82DC1328ACB}.Release|Any CPU.Build.0 = Release|Any CPU
	EndGlobalSection
	GlobalSection(SolutionProperties) = preSolution
		HideSolutionNode = FALSE
	EndGlobalSection
	GlobalSection(ExtensibilityGlobals) = postSolution
		SolutionGuid = {B9B446B6-3B0D-4D06-A8D7-7AE7AF753373}
	EndGlobalSection
EndGlobal
